// !$*UTF8*$!
{
	archiveVersion = 1;
	classes = {
	};
	objectVersion = 56;
	objects = {

/* Begin PBXBuildFile section */
		BC6713CC29F19A6A00EFE6BD /* SquadMateApp.swift in Sources */ = {isa = PBXBuildFile; fileRef = BC6713CB29F19A6A00EFE6BD /* SquadMateApp.swift */; };
		BC6713CE29F19A6A00EFE6BD /* ContentView.swift in Sources */ = {isa = PBXBuildFile; fileRef = BC6713CD29F19A6A00EFE6BD /* ContentView.swift */; };
		BC6713D029F19A6B00EFE6BD /* Assets.xcassets in Resources */ = {isa = PBXBuildFile; fileRef = BC6713CF29F19A6B00EFE6BD /* Assets.xcassets */; };
		BC6713D329F19A6B00EFE6BD /* Preview Assets.xcassets in Resources */ = {isa = PBXBuildFile; fileRef = BC6713D229F19A6B00EFE6BD /* Preview Assets.xcassets */; };
		BC6713DD29F19B6300EFE6BD /* Login.swift in Sources */ = {isa = PBXBuildFile; fileRef = BC6713DC29F19B6300EFE6BD /* Login.swift */; };
		BC6713E029F19B8500EFE6BD /* DataStore.swift in Sources */ = {isa = PBXBuildFile; fileRef = BC6713DF29F19B8500EFE6BD /* DataStore.swift */; };
		BC6713E329F19C6200EFE6BD /* Home.swift in Sources */ = {isa = PBXBuildFile; fileRef = BC6713E229F19C6200EFE6BD /* Home.swift */; };
		BC6713E629F19C9400EFE6BD /* User.swift in Sources */ = {isa = PBXBuildFile; fileRef = BC6713E529F19C9400EFE6BD /* User.swift */; };
		BC6713E829F19C9A00EFE6BD /* Event.swift in Sources */ = {isa = PBXBuildFile; fileRef = BC6713E729F19C9A00EFE6BD /* Event.swift */; };
		BC6713EA29F19CA200EFE6BD /* Group.swift in Sources */ = {isa = PBXBuildFile; fileRef = BC6713E929F19CA200EFE6BD /* Group.swift */; };
		BC6713F129F1E4A600EFE6BD /* GroupHome.swift in Sources */ = {isa = PBXBuildFile; fileRef = BC6713F029F1E4A600EFE6BD /* GroupHome.swift */; };
		BC6713F329F1E58900EFE6BD /* EventHome.swift in Sources */ = {isa = PBXBuildFile; fileRef = BC6713F229F1E58900EFE6BD /* EventHome.swift */; };
		BC6713F529F1FB3F00EFE6BD /* GroupList.swift in Sources */ = {isa = PBXBuildFile; fileRef = BC6713F429F1FB3F00EFE6BD /* GroupList.swift */; };
/* End PBXBuildFile section */

/* Begin PBXFileReference section */
		BC6713C829F19A6A00EFE6BD /* SquadMate.app */ = {isa = PBXFileReference; explicitFileType = wrapper.application; includeInIndex = 0; path = SquadMate.app; sourceTree = BUILT_PRODUCTS_DIR; };
		BC6713CB29F19A6A00EFE6BD /* SquadMateApp.swift */ = {isa = PBXFileReference; lastKnownFileType = sourcecode.swift; path = SquadMateApp.swift; sourceTree = "<group>"; };
		BC6713CD29F19A6A00EFE6BD /* ContentView.swift */ = {isa = PBXFileReference; lastKnownFileType = sourcecode.swift; path = ContentView.swift; sourceTree = "<group>"; };
		BC6713CF29F19A6B00EFE6BD /* Assets.xcassets */ = {isa = PBXFileReference; lastKnownFileType = folder.assetcatalog; path = Assets.xcassets; sourceTree = "<group>"; };
		BC6713D229F19A6B00EFE6BD /* Preview Assets.xcassets */ = {isa = PBXFileReference; lastKnownFileType = folder.assetcatalog; path = "Preview Assets.xcassets"; sourceTree = "<group>"; };
		BC6713DC29F19B6300EFE6BD /* Login.swift */ = {isa = PBXFileReference; lastKnownFileType = sourcecode.swift; path = Login.swift; sourceTree = "<group>"; };
		BC6713DF29F19B8500EFE6BD /* DataStore.swift */ = {isa = PBXFileReference; lastKnownFileType = sourcecode.swift; path = DataStore.swift; sourceTree = "<group>"; };
		BC6713E229F19C6200EFE6BD /* Home.swift */ = {isa = PBXFileReference; lastKnownFileType = sourcecode.swift; path = Home.swift; sourceTree = "<group>"; };
		BC6713E529F19C9400EFE6BD /* User.swift */ = {isa = PBXFileReference; lastKnownFileType = sourcecode.swift; path = User.swift; sourceTree = "<group>"; };
		BC6713E729F19C9A00EFE6BD /* Event.swift */ = {isa = PBXFileReference; lastKnownFileType = sourcecode.swift; path = Event.swift; sourceTree = "<group>"; };
		BC6713E929F19CA200EFE6BD /* Group.swift */ = {isa = PBXFileReference; lastKnownFileType = sourcecode.swift; path = Group.swift; sourceTree = "<group>"; };
		BC6713F029F1E4A600EFE6BD /* GroupHome.swift */ = {isa = PBXFileReference; lastKnownFileType = sourcecode.swift; path = GroupHome.swift; sourceTree = "<group>"; };
		BC6713F229F1E58900EFE6BD /* EventHome.swift */ = {isa = PBXFileReference; lastKnownFileType = sourcecode.swift; path = EventHome.swift; sourceTree = "<group>"; };
		BC6713F429F1FB3F00EFE6BD /* GroupList.swift */ = {isa = PBXFileReference; lastKnownFileType = sourcecode.swift; path = GroupList.swift; sourceTree = "<group>"; };
/* End PBXFileReference section */

/* Begin PBXFrameworksBuildPhase section */
		BC6713C529F19A6A00EFE6BD /* Frameworks */ = {
			isa = PBXFrameworksBuildPhase;
			buildActionMask = 2147483647;
			files = (
			);
			runOnlyForDeploymentPostprocessing = 0;
		};
/* End PBXFrameworksBuildPhase section */

/* Begin PBXGroup section */
		BC6713BF29F19A6A00EFE6BD = {
			isa = PBXGroup;
			children = (
				BC6713CA29F19A6A00EFE6BD /* SquadMate */,
				BC6713C929F19A6A00EFE6BD /* Products */,
			);
			sourceTree = "<group>";
		};
		BC6713C929F19A6A00EFE6BD /* Products */ = {
			isa = PBXGroup;
			children = (
				BC6713C829F19A6A00EFE6BD /* SquadMate.app */,
			);
			name = Products;
			sourceTree = "<group>";
		};
		BC6713CA29F19A6A00EFE6BD /* SquadMate */ = {
			isa = PBXGroup;
			children = (
				BC6713E429F19C7900EFE6BD /* Models */,
				BC6713DE29F19B6F00EFE6BD /* Global */,
				BC6713D929F19AC300EFE6BD /* Views */,
				BC6713CB29F19A6A00EFE6BD /* SquadMateApp.swift */,
				BC6713CD29F19A6A00EFE6BD /* ContentView.swift */,
				BC6713CF29F19A6B00EFE6BD /* Assets.xcassets */,
				BC6713D129F19A6B00EFE6BD /* Preview Content */,
			);
			path = SquadMate;
			sourceTree = "<group>";
		};
		BC6713D129F19A6B00EFE6BD /* Preview Content */ = {
			isa = PBXGroup;
			children = (
				BC6713D229F19A6B00EFE6BD /* Preview Assets.xcassets */,
			);
			path = "Preview Content";
			sourceTree = "<group>";
		};
		BC6713D929F19AC300EFE6BD /* Views */ = {
			isa = PBXGroup;
			children = (
				BC6713EB29F1CF0200EFE6BD /* Event */,
				BC6713E129F19C3700EFE6BD /* LoginRegister */,
				BC6713E229F19C6200EFE6BD /* Home.swift */,
			);
			path = Views;
			sourceTree = "<group>";
		};
		BC6713DE29F19B6F00EFE6BD /* Global */ = {
			isa = PBXGroup;
			children = (
				BC6713DF29F19B8500EFE6BD /* DataStore.swift */,
			);
			path = Global;
			sourceTree = "<group>";
		};
		BC6713E129F19C3700EFE6BD /* LoginRegister */ = {
			isa = PBXGroup;
			children = (
				BC6713DC29F19B6300EFE6BD /* Login.swift */,
			);
			path = LoginRegister;
			sourceTree = "<group>";
		};
		BC6713E429F19C7900EFE6BD /* Models */ = {
			isa = PBXGroup;
			children = (
				BC6713E529F19C9400EFE6BD /* User.swift */,
				BC6713E729F19C9A00EFE6BD /* Event.swift */,
				BC6713E929F19CA200EFE6BD /* Group.swift */,
			);
			path = Models;
			sourceTree = "<group>";
		};
		BC6713EB29F1CF0200EFE6BD /* Event */ = {
			isa = PBXGroup;
			children = (
				BC6713F029F1E4A600EFE6BD /* GroupHome.swift */,
				BC6713F429F1FB3F00EFE6BD /* GroupList.swift */,
				BC6713F229F1E58900EFE6BD /* EventHome.swift */,
			);
			path = Event;
			sourceTree = "<group>";
		};
/* End PBXGroup section */

/* Begin PBXNativeTarget section */
		BC6713C729F19A6A00EFE6BD /* SquadMate */ = {
			isa = PBXNativeTarget;
			buildConfigurationList = BC6713D629F19A6B00EFE6BD /* Build configuration list for PBXNativeTarget "SquadMate" */;
			buildPhases = (
				BC6713C429F19A6A00EFE6BD /* Sources */,
				BC6713C529F19A6A00EFE6BD /* Frameworks */,
				BC6713C629F19A6A00EFE6BD /* Resources */,
			);
			buildRules = (
			);
			dependencies = (
			);
			name = SquadMate;
			productName = SquadMate;
			productReference = BC6713C829F19A6A00EFE6BD /* SquadMate.app */;
			productType = "com.apple.product-type.application";
		};
/* End PBXNativeTarget section */

/* Begin PBXProject section */
		BC6713C029F19A6A00EFE6BD /* Project object */ = {
			isa = PBXProject;
			attributes = {
				BuildIndependentTargetsInParallel = 1;
				LastSwiftUpdateCheck = 1420;
				LastUpgradeCheck = 1420;
				TargetAttributes = {
					BC6713C729F19A6A00EFE6BD = {
						CreatedOnToolsVersion = 14.2;
					};
				};
			};
			buildConfigurationList = BC6713C329F19A6A00EFE6BD /* Build configuration list for PBXProject "SquadMate" */;
			compatibilityVersion = "Xcode 14.0";
			developmentRegion = en;
			hasScannedForEncodings = 0;
			knownRegions = (
				en,
				Base,
			);
			mainGroup = BC6713BF29F19A6A00EFE6BD;
			productRefGroup = BC6713C929F19A6A00EFE6BD /* Products */;
			projectDirPath = "";
			projectRoot = "";
			targets = (
				BC6713C729F19A6A00EFE6BD /* SquadMate */,
			);
		};
/* End PBXProject section */

/* Begin PBXResourcesBuildPhase section */
		BC6713C629F19A6A00EFE6BD /* Resources */ = {
			isa = PBXResourcesBuildPhase;
			buildActionMask = 2147483647;
			files = (
				BC6713D329F19A6B00EFE6BD /* Preview Assets.xcassets in Resources */,
				BC6713D029F19A6B00EFE6BD /* Assets.xcassets in Resources */,
			);
			runOnlyForDeploymentPostprocessing = 0;
		};
/* End PBXResourcesBuildPhase section */

/* Begin PBXSourcesBuildPhase section */
		BC6713C429F19A6A00EFE6BD /* Sources */ = {
			isa = PBXSourcesBuildPhase;
			buildActionMask = 2147483647;
			files = (
				BC6713F129F1E4A600EFE6BD /* GroupHome.swift in Sources */,
				BC6713EA29F19CA200EFE6BD /* Group.swift in Sources */,
				BC6713E829F19C9A00EFE6BD /* Event.swift in Sources */,
				BC6713CE29F19A6A00EFE6BD /* ContentView.swift in Sources */,
				BC6713CC29F19A6A00EFE6BD /* SquadMateApp.swift in Sources */,
				BC6713E029F19B8500EFE6BD /* DataStore.swift in Sources */,
				BC6713F529F1FB3F00EFE6BD /* GroupList.swift in Sources */,
				BC6713E329F19C6200EFE6BD /* Home.swift in Sources */,
				BC6713DD29F19B6300EFE6BD /* Login.swift in Sources */,
				BC6713F329F1E58900EFE6BD /* EventHome.swift in Sources */,
				BC6713E629F19C9400EFE6BD /* User.swift in Sources */,
			);
			runOnlyForDeploymentPostprocessing = 0;
		};
/* End PBXSourcesBuildPhase section */

/* Begin XCBuildConfiguration section */
		BC6713D429F19A6B00EFE6BD /* Debug */ = {
			isa = XCBuildConfiguration;
			buildSettings = {
				ALWAYS_SEARCH_USER_PATHS = NO;
				CLANG_ANALYZER_NONNULL = YES;
				CLANG_ANALYZER_NUMBER_OBJECT_CONVERSION = YES_AGGRESSIVE;
				CLANG_CXX_LANGUAGE_STANDARD = "gnu++20";
				CLANG_ENABLE_MODULES = YES;
				CLANG_ENABLE_OBJC_ARC = YES;
				CLANG_ENABLE_OBJC_WEAK = YES;
				CLANG_WARN_BLOCK_CAPTURE_AUTORELEASING = YES;
				CLANG_WARN_BOOL_CONVERSION = YES;
				CLANG_WARN_COMMA = YES;
				CLANG_WARN_CONSTANT_CONVERSION = YES;
				CLANG_WARN_DEPRECATED_OBJC_IMPLEMENTATIONS = YES;
				CLANG_WARN_DIRECT_OBJC_ISA_USAGE = YES_ERROR;
				CLANG_WARN_DOCUMENTATION_COMMENTS = YES;
				CLANG_WARN_EMPTY_BODY = YES;
				CLANG_WARN_ENUM_CONVERSION = YES;
				CLANG_WARN_INFINITE_RECURSION = YES;
				CLANG_WARN_INT_CONVERSION = YES;
				CLANG_WARN_NON_LITERAL_NULL_CONVERSION = YES;
				CLANG_WARN_OBJC_IMPLICIT_RETAIN_SELF = YES;
				CLANG_WARN_OBJC_LITERAL_CONVERSION = YES;
				CLANG_WARN_OBJC_ROOT_CLASS = YES_ERROR;
				CLANG_WARN_QUOTED_INCLUDE_IN_FRAMEWORK_HEADER = YES;
				CLANG_WARN_RANGE_LOOP_ANALYSIS = YES;
				CLANG_WARN_STRICT_PROTOTYPES = YES;
				CLANG_WARN_SUSPICIOUS_MOVE = YES;
				CLANG_WARN_UNGUARDED_AVAILABILITY = YES_AGGRESSIVE;
				CLANG_WARN_UNREACHABLE_CODE = YES;
				CLANG_WARN__DUPLICATE_METHOD_MATCH = YES;
				COPY_PHASE_STRIP = NO;
				DEBUG_INFORMATION_FORMAT = dwarf;
				ENABLE_STRICT_OBJC_MSGSEND = YES;
				ENABLE_TESTABILITY = YES;
				GCC_C_LANGUAGE_STANDARD = gnu11;
				GCC_DYNAMIC_NO_PIC = NO;
				GCC_NO_COMMON_BLOCKS = YES;
				GCC_OPTIMIZATION_LEVEL = 0;
				GCC_PREPROCESSOR_DEFINITIONS = (
					"DEBUG=1",
					"$(inherited)",
				);
				GCC_WARN_64_TO_32_BIT_CONVERSION = YES;
				GCC_WARN_ABOUT_RETURN_TYPE = YES_ERROR;
				GCC_WARN_UNDECLARED_SELECTOR = YES;
				GCC_WARN_UNINITIALIZED_AUTOS = YES_AGGRESSIVE;
				GCC_WARN_UNUSED_FUNCTION = YES;
				GCC_WARN_UNUSED_VARIABLE = YES;
				IPHONEOS_DEPLOYMENT_TARGET = 16.2;
				MTL_ENABLE_DEBUG_INFO = INCLUDE_SOURCE;
				MTL_FAST_MATH = YES;
				ONLY_ACTIVE_ARCH = YES;
				SDKROOT = iphoneos;
				SWIFT_ACTIVE_COMPILATION_CONDITIONS = DEBUG;
				SWIFT_OPTIMIZATION_LEVEL = "-Onone";
			};
			name = Debug;
		};
		BC6713D529F19A6B00EFE6BD /* Release */ = {
			isa = XCBuildConfiguration;
			buildSettings = {
				ALWAYS_SEARCH_USER_PATHS = NO;
				CLANG_ANALYZER_NONNULL = YES;
				CLANG_ANALYZER_NUMBER_OBJECT_CONVERSION = YES_AGGRESSIVE;
				CLANG_CXX_LANGUAGE_STANDARD = "gnu++20";
				CLANG_ENABLE_MODULES = YES;
				CLANG_ENABLE_OBJC_ARC = YES;
				CLANG_ENABLE_OBJC_WEAK = YES;
				CLANG_WARN_BLOCK_CAPTURE_AUTORELEASING = YES;
				CLANG_WARN_BOOL_CONVERSION = YES;
				CLANG_WARN_COMMA = YES;
				CLANG_WARN_CONSTANT_CONVERSION = YES;
				CLANG_WARN_DEPRECATED_OBJC_IMPLEMENTATIONS = YES;
				CLANG_WARN_DIRECT_OBJC_ISA_USAGE = YES_ERROR;
				CLANG_WARN_DOCUMENTATION_COMMENTS = YES;
				CLANG_WARN_EMPTY_BODY = YES;
				CLANG_WARN_ENUM_CONVERSION = YES;
				CLANG_WARN_INFINITE_RECURSION = YES;
				CLANG_WARN_INT_CONVERSION = YES;
				CLANG_WARN_NON_LITERAL_NULL_CONVERSION = YES;
				CLANG_WARN_OBJC_IMPLICIT_RETAIN_SELF = YES;
				CLANG_WARN_OBJC_LITERAL_CONVERSION = YES;
				CLANG_WARN_OBJC_ROOT_CLASS = YES_ERROR;
				CLANG_WARN_QUOTED_INCLUDE_IN_FRAMEWORK_HEADER = YES;
				CLANG_WARN_RANGE_LOOP_ANALYSIS = YES;
				CLANG_WARN_STRICT_PROTOTYPES = YES;
				CLANG_WARN_SUSPICIOUS_MOVE = YES;
				CLANG_WARN_UNGUARDED_AVAILABILITY = YES_AGGRESSIVE;
				CLANG_WARN_UNREACHABLE_CODE = YES;
				CLANG_WARN__DUPLICATE_METHOD_MATCH = YES;
				COPY_PHASE_STRIP = NO;
				DEBUG_INFORMATION_FORMAT = "dwarf-with-dsym";
				ENABLE_NS_ASSERTIONS = NO;
				ENABLE_STRICT_OBJC_MSGSEND = YES;
				GCC_C_LANGUAGE_STANDARD = gnu11;
				GCC_NO_COMMON_BLOCKS = YES;
				GCC_WARN_64_TO_32_BIT_CONVERSION = YES;
				GCC_WARN_ABOUT_RETURN_TYPE = YES_ERROR;
				GCC_WARN_UNDECLARED_SELECTOR = YES;
				GCC_WARN_UNINITIALIZED_AUTOS = YES_AGGRESSIVE;
				GCC_WARN_UNUSED_FUNCTION = YES;
				GCC_WARN_UNUSED_VARIABLE = YES;
				IPHONEOS_DEPLOYMENT_TARGET = 16.2;
				MTL_ENABLE_DEBUG_INFO = NO;
				MTL_FAST_MATH = YES;
				SDKROOT = iphoneos;
				SWIFT_COMPILATION_MODE = wholemodule;
				SWIFT_OPTIMIZATION_LEVEL = "-O";
				VALIDATE_PRODUCT = YES;
			};
			name = Release;
		};
		BC6713D729F19A6B00EFE6BD /* Debug */ = {
			isa = XCBuildConfiguration;
			buildSettings = {
				ASSETCATALOG_COMPILER_APPICON_NAME = AppIcon;
				ASSETCATALOG_COMPILER_GLOBAL_ACCENT_COLOR_NAME = AccentColor;
				CODE_SIGN_STYLE = Automatic;
				CURRENT_PROJECT_VERSION = 1;
				DEVELOPMENT_ASSET_PATHS = "\"SquadMate/Preview Content\"";
				ENABLE_PREVIEWS = YES;
				GENERATE_INFOPLIST_FILE = YES;
				INFOPLIST_KEY_UIApplicationSceneManifest_Generation = YES;
				INFOPLIST_KEY_UIApplicationSupportsIndirectInputEvents = YES;
				INFOPLIST_KEY_UILaunchScreen_Generation = YES;
				INFOPLIST_KEY_UISupportedInterfaceOrientations_iPad = "UIInterfaceOrientationPortrait UIInterfaceOrientationPortraitUpsideDown UIInterfaceOrientationLandscapeLeft UIInterfaceOrientationLandscapeRight";
				INFOPLIST_KEY_UISupportedInterfaceOrientations_iPhone = "UIInterfaceOrientationPortrait UIInterfaceOrientationLandscapeLeft UIInterfaceOrientationLandscapeRight";
				LD_RUNPATH_SEARCH_PATHS = (
					"$(inherited)",
					"@executable_path/Frameworks",
				);
				MARKETING_VERSION = 1.0;
				PRODUCT_BUNDLE_IDENTIFIER = com.nmb55.SquadMate;
				PRODUCT_NAME = "$(TARGET_NAME)";
				SWIFT_EMIT_LOC_STRINGS = YES;
				SWIFT_VERSION = 5.0;
				TARGETED_DEVICE_FAMILY = "1,2";
			};
			name = Debug;
		};
		BC6713D829F19A6B00EFE6BD /* Release */ = {
			isa = XCBuildConfiguration;
			buildSettings = {
				ASSETCATALOG_COMPILER_APPICON_NAME = AppIcon;
				ASSETCATALOG_COMPILER_GLOBAL_ACCENT_COLOR_NAME = AccentColor;
				CODE_SIGN_STYLE = Automatic;
				CURRENT_PROJECT_VERSION = 1;
				DEVELOPMENT_ASSET_PATHS = "\"SquadMate/Preview Content\"";
				ENABLE_PREVIEWS = YES;
				GENERATE_INFOPLIST_FILE = YES;
				INFOPLIST_KEY_UIApplicationSceneManifest_Generation = YES;
				INFOPLIST_KEY_UIApplicationSupportsIndirectInputEvents = YES;
				INFOPLIST_KEY_UILaunchScreen_Generation = YES;
				INFOPLIST_KEY_UISupportedInterfaceOrientations_iPad = "UIInterfaceOrientationPortrait UIInterfaceOrientationPortraitUpsideDown UIInterfaceOrientationLandscapeLeft UIInterfaceOrientationLandscapeRight";
				INFOPLIST_KEY_UISupportedInterfaceOrientations_iPhone = "UIInterfaceOrientationPortrait UIInterfaceOrientationLandscapeLeft UIInterfaceOrientationLandscapeRight";
				LD_RUNPATH_SEARCH_PATHS = (
					"$(inherited)",
					"@executable_path/Frameworks",
				);
				MARKETING_VERSION = 1.0;
				PRODUCT_BUNDLE_IDENTIFIER = com.nmb55.SquadMate;
				PRODUCT_NAME = "$(TARGET_NAME)";
				SWIFT_EMIT_LOC_STRINGS = YES;
				SWIFT_VERSION = 5.0;
				TARGETED_DEVICE_FAMILY = "1,2";
			};
			name = Release;
		};
/* End XCBuildConfiguration section */

/* Begin XCConfigurationList section */
		BC6713C329F19A6A00EFE6BD /* Build configuration list for PBXProject "SquadMate" */ = {
			isa = XCConfigurationList;
			buildConfigurations = (
				BC6713D429F19A6B00EFE6BD /* Debug */,
				BC6713D529F19A6B00EFE6BD /* Release */,
			);
			defaultConfigurationIsVisible = 0;
			defaultConfigurationName = Release;
		};
		BC6713D629F19A6B00EFE6BD /* Build configuration list for PBXNativeTarget "SquadMate" */ = {
			isa = XCConfigurationList;
			buildConfigurations = (
				BC6713D729F19A6B00EFE6BD /* Debug */,
				BC6713D829F19A6B00EFE6BD /* Release */,
			);
			defaultConfigurationIsVisible = 0;
			defaultConfigurationName = Release;
		};
/* End XCConfigurationList section */
	};
	rootObject = BC6713C029F19A6A00EFE6BD /* Project object */;
}
